// !$*UTF8*$!
{
	archiveVersion = 1;
	classes = {
	};
	objectVersion = 56;
	objects = {

/* Begin PBXBuildFile section */
		D3174D3C28D90C22007CF0D9 /* CategoriesTableViewController.swift in Sources */ = {isa = PBXBuildFile; fileRef = D3174D3B28D90C22007CF0D9 /* CategoriesTableViewController.swift */; };
		D3174D3F28D90D0A007CF0D9 /* CategoryRepository.swift in Sources */ = {isa = PBXBuildFile; fileRef = D3174D3E28D90D0A007CF0D9 /* CategoryRepository.swift */; };
		D3174D4128D91DF5007CF0D9 /* TaskRepository.swift in Sources */ = {isa = PBXBuildFile; fileRef = D3174D4028D91DF5007CF0D9 /* TaskRepository.swift */; };
		D3C06DA928D8DFE100BBE01F /* CreateTaskTableViewController.swift in Sources */ = {isa = PBXBuildFile; fileRef = D3C06DA828D8DFE100BBE01F /* CreateTaskTableViewController.swift */; };
		D3C06DAB28D8E20200BBE01F /* TaskDescriptionTableViewCell.swift in Sources */ = {isa = PBXBuildFile; fileRef = D3C06DAA28D8E20200BBE01F /* TaskDescriptionTableViewCell.swift */; };
		D3C06DAF28D8E69C00BBE01F /* DateTimeTableViewCell.swift in Sources */ = {isa = PBXBuildFile; fileRef = D3C06DAE28D8E69C00BBE01F /* DateTimeTableViewCell.swift */; };
		D3E5951528D4DF6300C624F9 /* AppDelegate.swift in Sources */ = {isa = PBXBuildFile; fileRef = D3E5951428D4DF6300C624F9 /* AppDelegate.swift */; };
		D3E5951728D4DF6300C624F9 /* SceneDelegate.swift in Sources */ = {isa = PBXBuildFile; fileRef = D3E5951628D4DF6300C624F9 /* SceneDelegate.swift */; };
		D3E5951C28D4DF6300C624F9 /* Main.storyboard in Resources */ = {isa = PBXBuildFile; fileRef = D3E5951A28D4DF6300C624F9 /* Main.storyboard */; };
		D3E5951E28D4DF6900C624F9 /* Assets.xcassets in Resources */ = {isa = PBXBuildFile; fileRef = D3E5951D28D4DF6900C624F9 /* Assets.xcassets */; };
		D3E5952128D4DF6900C624F9 /* LaunchScreen.storyboard in Resources */ = {isa = PBXBuildFile; fileRef = D3E5951F28D4DF6900C624F9 /* LaunchScreen.storyboard */; };
		D3E5952C28D4DF6A00C624F9 /* ToDoAppTests.swift in Sources */ = {isa = PBXBuildFile; fileRef = D3E5952B28D4DF6A00C624F9 /* ToDoAppTests.swift */; };
		D3E5953628D4DF6A00C624F9 /* ToDoAppUITests.swift in Sources */ = {isa = PBXBuildFile; fileRef = D3E5953528D4DF6A00C624F9 /* ToDoAppUITests.swift */; };
		D3E5953828D4DF6A00C624F9 /* ToDoAppUITestsLaunchTests.swift in Sources */ = {isa = PBXBuildFile; fileRef = D3E5953728D4DF6A00C624F9 /* ToDoAppUITestsLaunchTests.swift */; };
		D3E5954828D4E9B300C624F9 /* TasksTableViewController.swift in Sources */ = {isa = PBXBuildFile; fileRef = D3E5954728D4E9B300C624F9 /* TasksTableViewController.swift */; };
		D3E5954B28D4F26D00C624F9 /* Task.swift in Sources */ = {isa = PBXBuildFile; fileRef = D3E5954A28D4F26D00C624F9 /* Task.swift */; };
		D3E5954D28D4F32200C624F9 /* Category.swift in Sources */ = {isa = PBXBuildFile; fileRef = D3E5954C28D4F32200C624F9 /* Category.swift */; };
		D3E5955028D4F72A00C624F9 /* TasksTableViewCell.swift in Sources */ = {isa = PBXBuildFile; fileRef = D3E5954F28D4F72A00C624F9 /* TasksTableViewCell.swift */; };
/* End PBXBuildFile section */

/* Begin PBXContainerItemProxy section */
		D3E5952828D4DF6A00C624F9 /* PBXContainerItemProxy */ = {
			isa = PBXContainerItemProxy;
			containerPortal = D3E5950928D4DF6200C624F9 /* Project object */;
			proxyType = 1;
			remoteGlobalIDString = D3E5951028D4DF6300C624F9;
			remoteInfo = ToDoApp;
		};
		D3E5953228D4DF6A00C624F9 /* PBXContainerItemProxy */ = {
			isa = PBXContainerItemProxy;
			containerPortal = D3E5950928D4DF6200C624F9 /* Project object */;
			proxyType = 1;
			remoteGlobalIDString = D3E5951028D4DF6300C624F9;
			remoteInfo = ToDoApp;
		};
/* End PBXContainerItemProxy section */

/* Begin PBXFileReference section */
		D3174D3B28D90C22007CF0D9 /* CategoriesTableViewController.swift */ = {isa = PBXFileReference; lastKnownFileType = sourcecode.swift; path = CategoriesTableViewController.swift; sourceTree = "<group>"; };
		D3174D3E28D90D0A007CF0D9 /* CategoryRepository.swift */ = {isa = PBXFileReference; lastKnownFileType = sourcecode.swift; path = CategoryRepository.swift; sourceTree = "<group>"; };
		D3174D4028D91DF5007CF0D9 /* TaskRepository.swift */ = {isa = PBXFileReference; lastKnownFileType = sourcecode.swift; path = TaskRepository.swift; sourceTree = "<group>"; };
		D3C06DA828D8DFE100BBE01F /* CreateTaskTableViewController.swift */ = {isa = PBXFileReference; lastKnownFileType = sourcecode.swift; path = CreateTaskTableViewController.swift; sourceTree = "<group>"; };
		D3C06DAA28D8E20200BBE01F /* TaskDescriptionTableViewCell.swift */ = {isa = PBXFileReference; lastKnownFileType = sourcecode.swift; path = TaskDescriptionTableViewCell.swift; sourceTree = "<group>"; };
		D3C06DAE28D8E69C00BBE01F /* DateTimeTableViewCell.swift */ = {isa = PBXFileReference; lastKnownFileType = sourcecode.swift; path = DateTimeTableViewCell.swift; sourceTree = "<group>"; };
		D3E5951128D4DF6300C624F9 /* ToDoApp.app */ = {isa = PBXFileReference; explicitFileType = wrapper.application; includeInIndex = 0; path = ToDoApp.app; sourceTree = BUILT_PRODUCTS_DIR; };
		D3E5951428D4DF6300C624F9 /* AppDelegate.swift */ = {isa = PBXFileReference; lastKnownFileType = sourcecode.swift; path = AppDelegate.swift; sourceTree = "<group>"; };
		D3E5951628D4DF6300C624F9 /* SceneDelegate.swift */ = {isa = PBXFileReference; lastKnownFileType = sourcecode.swift; path = SceneDelegate.swift; sourceTree = "<group>"; };
		D3E5951B28D4DF6300C624F9 /* Base */ = {isa = PBXFileReference; lastKnownFileType = file.storyboard; name = Base; path = Base.lproj/Main.storyboard; sourceTree = "<group>"; };
		D3E5951D28D4DF6900C624F9 /* Assets.xcassets */ = {isa = PBXFileReference; lastKnownFileType = folder.assetcatalog; path = Assets.xcassets; sourceTree = "<group>"; };
		D3E5952028D4DF6900C624F9 /* Base */ = {isa = PBXFileReference; lastKnownFileType = file.storyboard; name = Base; path = Base.lproj/LaunchScreen.storyboard; sourceTree = "<group>"; };
		D3E5952228D4DF6900C624F9 /* Info.plist */ = {isa = PBXFileReference; lastKnownFileType = text.plist.xml; path = Info.plist; sourceTree = "<group>"; };
		D3E5952728D4DF6A00C624F9 /* ToDoAppTests.xctest */ = {isa = PBXFileReference; explicitFileType = wrapper.cfbundle; includeInIndex = 0; path = ToDoAppTests.xctest; sourceTree = BUILT_PRODUCTS_DIR; };
		D3E5952B28D4DF6A00C624F9 /* ToDoAppTests.swift */ = {isa = PBXFileReference; lastKnownFileType = sourcecode.swift; path = ToDoAppTests.swift; sourceTree = "<group>"; };
		D3E5953128D4DF6A00C624F9 /* ToDoAppUITests.xctest */ = {isa = PBXFileReference; explicitFileType = wrapper.cfbundle; includeInIndex = 0; path = ToDoAppUITests.xctest; sourceTree = BUILT_PRODUCTS_DIR; };
		D3E5953528D4DF6A00C624F9 /* ToDoAppUITests.swift */ = {isa = PBXFileReference; lastKnownFileType = sourcecode.swift; path = ToDoAppUITests.swift; sourceTree = "<group>"; };
		D3E5953728D4DF6A00C624F9 /* ToDoAppUITestsLaunchTests.swift */ = {isa = PBXFileReference; lastKnownFileType = sourcecode.swift; path = ToDoAppUITestsLaunchTests.swift; sourceTree = "<group>"; };
		D3E5954728D4E9B300C624F9 /* TasksTableViewController.swift */ = {isa = PBXFileReference; lastKnownFileType = sourcecode.swift; path = TasksTableViewController.swift; sourceTree = "<group>"; };
		D3E5954A28D4F26D00C624F9 /* Task.swift */ = {isa = PBXFileReference; lastKnownFileType = sourcecode.swift; path = Task.swift; sourceTree = "<group>"; };
		D3E5954C28D4F32200C624F9 /* Category.swift */ = {isa = PBXFileReference; lastKnownFileType = sourcecode.swift; path = Category.swift; sourceTree = "<group>"; };
		D3E5954F28D4F72A00C624F9 /* TasksTableViewCell.swift */ = {isa = PBXFileReference; lastKnownFileType = sourcecode.swift; path = TasksTableViewCell.swift; sourceTree = "<group>"; };
/* End PBXFileReference section */

/* Begin PBXFrameworksBuildPhase section */
		D3E5950E28D4DF6300C624F9 /* Frameworks */ = {
			isa = PBXFrameworksBuildPhase;
			buildActionMask = 2147483647;
			files = (
			);
			runOnlyForDeploymentPostprocessing = 0;
		};
		D3E5952428D4DF6A00C624F9 /* Frameworks */ = {
			isa = PBXFrameworksBuildPhase;
			buildActionMask = 2147483647;
			files = (
			);
			runOnlyForDeploymentPostprocessing = 0;
		};
		D3E5952E28D4DF6A00C624F9 /* Frameworks */ = {
			isa = PBXFrameworksBuildPhase;
			buildActionMask = 2147483647;
			files = (
			);
			runOnlyForDeploymentPostprocessing = 0;
		};
/* End PBXFrameworksBuildPhase section */

/* Begin PBXGroup section */
		D3174D3D28D90CE4007CF0D9 /* Repositories */ = {
			isa = PBXGroup;
			children = (
				D3174D3E28D90D0A007CF0D9 /* CategoryRepository.swift */,
				D3174D4028D91DF5007CF0D9 /* TaskRepository.swift */,
			);
			path = Repositories;
			sourceTree = "<group>";
		};
		D3E5950828D4DF6200C624F9 = {
			isa = PBXGroup;
			children = (
				D3E5951328D4DF6300C624F9 /* ToDoApp */,
				D3E5952A28D4DF6A00C624F9 /* ToDoAppTests */,
				D3E5953428D4DF6A00C624F9 /* ToDoAppUITests */,
				D3E5951228D4DF6300C624F9 /* Products */,
			);
			sourceTree = "<group>";
		};
		D3E5951228D4DF6300C624F9 /* Products */ = {
			isa = PBXGroup;
			children = (
				D3E5951128D4DF6300C624F9 /* ToDoApp.app */,
				D3E5952728D4DF6A00C624F9 /* ToDoAppTests.xctest */,
				D3E5953128D4DF6A00C624F9 /* ToDoAppUITests.xctest */,
			);
			name = Products;
			sourceTree = "<group>";
		};
		D3E5951328D4DF6300C624F9 /* ToDoApp */ = {
			isa = PBXGroup;
			children = (
				D3174D3D28D90CE4007CF0D9 /* Repositories */,
				D3E5954928D4F20800C624F9 /* models */,
				D3E5954428D4E7F200C624F9 /* Controllers */,
				D3E5951428D4DF6300C624F9 /* AppDelegate.swift */,
				D3E5951628D4DF6300C624F9 /* SceneDelegate.swift */,
				D3E5951A28D4DF6300C624F9 /* Main.storyboard */,
				D3E5951D28D4DF6900C624F9 /* Assets.xcassets */,
				D3E5951F28D4DF6900C624F9 /* LaunchScreen.storyboard */,
				D3E5952228D4DF6900C624F9 /* Info.plist */,
			);
			path = ToDoApp;
			sourceTree = "<group>";
		};
		D3E5952A28D4DF6A00C624F9 /* ToDoAppTests */ = {
			isa = PBXGroup;
			children = (
				D3E5952B28D4DF6A00C624F9 /* ToDoAppTests.swift */,
			);
			path = ToDoAppTests;
			sourceTree = "<group>";
		};
		D3E5953428D4DF6A00C624F9 /* ToDoAppUITests */ = {
			isa = PBXGroup;
			children = (
				D3E5953528D4DF6A00C624F9 /* ToDoAppUITests.swift */,
				D3E5953728D4DF6A00C624F9 /* ToDoAppUITestsLaunchTests.swift */,
			);
			path = ToDoAppUITests;
			sourceTree = "<group>";
		};
		D3E5954428D4E7F200C624F9 /* Controllers */ = {
			isa = PBXGroup;
			children = (
				D3E5954E28D4F70300C624F9 /* Cells */,
				D3E5954728D4E9B300C624F9 /* TasksTableViewController.swift */,
				D3C06DA828D8DFE100BBE01F /* CreateTaskTableViewController.swift */,
				D3174D3B28D90C22007CF0D9 /* CategoriesTableViewController.swift */,
			);
			path = Controllers;
			sourceTree = "<group>";
		};
		D3E5954928D4F20800C624F9 /* models */ = {
			isa = PBXGroup;
			children = (
				D3E5954A28D4F26D00C624F9 /* Task.swift */,
				D3E5954C28D4F32200C624F9 /* Category.swift */,
			);
			path = models;
			sourceTree = "<group>";
		};
		D3E5954E28D4F70300C624F9 /* Cells */ = {
			isa = PBXGroup;
			children = (
				D3E5954F28D4F72A00C624F9 /* TasksTableViewCell.swift */,
				D3C06DAA28D8E20200BBE01F /* TaskDescriptionTableViewCell.swift */,
				D3C06DAE28D8E69C00BBE01F /* DateTimeTableViewCell.swift */,
			);
			path = Cells;
			sourceTree = "<group>";
		};
/* End PBXGroup section */

/* Begin PBXNativeTarget section */
		D3E5951028D4DF6300C624F9 /* ToDoApp */ = {
			isa = PBXNativeTarget;
			buildConfigurationList = D3E5953B28D4DF6A00C624F9 /* Build configuration list for PBXNativeTarget "ToDoApp" */;
			buildPhases = (
				D3E5950D28D4DF6300C624F9 /* Sources */,
				D3E5950E28D4DF6300C624F9 /* Frameworks */,
				D3E5950F28D4DF6300C624F9 /* Resources */,
			);
			buildRules = (
			);
			dependencies = (
			);
			name = ToDoApp;
			productName = ToDoApp;
			productReference = D3E5951128D4DF6300C624F9 /* ToDoApp.app */;
			productType = "com.apple.product-type.application";
		};
		D3E5952628D4DF6A00C624F9 /* ToDoAppTests */ = {
			isa = PBXNativeTarget;
			buildConfigurationList = D3E5953E28D4DF6A00C624F9 /* Build configuration list for PBXNativeTarget "ToDoAppTests" */;
			buildPhases = (
				D3E5952328D4DF6A00C624F9 /* Sources */,
				D3E5952428D4DF6A00C624F9 /* Frameworks */,
				D3E5952528D4DF6A00C624F9 /* Resources */,
			);
			buildRules = (
			);
			dependencies = (
				D3E5952928D4DF6A00C624F9 /* PBXTargetDependency */,
			);
			name = ToDoAppTests;
			productName = ToDoAppTests;
			productReference = D3E5952728D4DF6A00C624F9 /* ToDoAppTests.xctest */;
			productType = "com.apple.product-type.bundle.unit-test";
		};
		D3E5953028D4DF6A00C624F9 /* ToDoAppUITests */ = {
			isa = PBXNativeTarget;
			buildConfigurationList = D3E5954128D4DF6A00C624F9 /* Build configuration list for PBXNativeTarget "ToDoAppUITests" */;
			buildPhases = (
				D3E5952D28D4DF6A00C624F9 /* Sources */,
				D3E5952E28D4DF6A00C624F9 /* Frameworks */,
				D3E5952F28D4DF6A00C624F9 /* Resources */,
			);
			buildRules = (
			);
			dependencies = (
				D3E5953328D4DF6A00C624F9 /* PBXTargetDependency */,
			);
			name = ToDoAppUITests;
			productName = ToDoAppUITests;
			productReference = D3E5953128D4DF6A00C624F9 /* ToDoAppUITests.xctest */;
			productType = "com.apple.product-type.bundle.ui-testing";
		};
/* End PBXNativeTarget section */

/* Begin PBXProject section */
		D3E5950928D4DF6200C624F9 /* Project object */ = {
			isa = PBXProject;
			attributes = {
				BuildIndependentTargetsInParallel = 1;
				LastSwiftUpdateCheck = 1400;
				LastUpgradeCheck = 1400;
				TargetAttributes = {
					D3E5951028D4DF6300C624F9 = {
						CreatedOnToolsVersion = 14.0;
					};
					D3E5952628D4DF6A00C624F9 = {
						CreatedOnToolsVersion = 14.0;
						TestTargetID = D3E5951028D4DF6300C624F9;
					};
					D3E5953028D4DF6A00C624F9 = {
						CreatedOnToolsVersion = 14.0;
						TestTargetID = D3E5951028D4DF6300C624F9;
					};
				};
			};
			buildConfigurationList = D3E5950C28D4DF6300C624F9 /* Build configuration list for PBXProject "ToDoApp" */;
			compatibilityVersion = "Xcode 14.0";
			developmentRegion = en;
			hasScannedForEncodings = 0;
			knownRegions = (
				en,
				Base,
			);
			mainGroup = D3E5950828D4DF6200C624F9;
			productRefGroup = D3E5951228D4DF6300C624F9 /* Products */;
			projectDirPath = "";
			projectRoot = "";
			targets = (
				D3E5951028D4DF6300C624F9 /* ToDoApp */,
				D3E5952628D4DF6A00C624F9 /* ToDoAppTests */,
				D3E5953028D4DF6A00C624F9 /* ToDoAppUITests */,
			);
		};
/* End PBXProject section */

/* Begin PBXResourcesBuildPhase section */
		D3E5950F28D4DF6300C624F9 /* Resources */ = {
			isa = PBXResourcesBuildPhase;
			buildActionMask = 2147483647;
			files = (
				D3E5952128D4DF6900C624F9 /* LaunchScreen.storyboard in Resources */,
				D3E5951E28D4DF6900C624F9 /* Assets.xcassets in Resources */,
				D3E5951C28D4DF6300C624F9 /* Main.storyboard in Resources */,
			);
			runOnlyForDeploymentPostprocessing = 0;
		};
		D3E5952528D4DF6A00C624F9 /* Resources */ = {
			isa = PBXResourcesBuildPhase;
			buildActionMask = 2147483647;
			files = (
			);
			runOnlyForDeploymentPostprocessing = 0;
		};
		D3E5952F28D4DF6A00C624F9 /* Resources */ = {
			isa = PBXResourcesBuildPhase;
			buildActionMask = 2147483647;
			files = (
			);
			runOnlyForDeploymentPostprocessing = 0;
		};
/* End PBXResourcesBuildPhase section */

/* Begin PBXSourcesBuildPhase section */
		D3E5950D28D4DF6300C624F9 /* Sources */ = {
			isa = PBXSourcesBuildPhase;
			buildActionMask = 2147483647;
			files = (
				D3E5955028D4F72A00C624F9 /* TasksTableViewCell.swift in Sources */,
				D3E5954B28D4F26D00C624F9 /* Task.swift in Sources */,
				D3174D3F28D90D0A007CF0D9 /* CategoryRepository.swift in Sources */,
				D3E5954D28D4F32200C624F9 /* Category.swift in Sources */,
				D3C06DAB28D8E20200BBE01F /* TaskDescriptionTableViewCell.swift in Sources */,
				D3C06DAF28D8E69C00BBE01F /* DateTimeTableViewCell.swift in Sources */,
				D3174D4128D91DF5007CF0D9 /* TaskRepository.swift in Sources */,
				D3E5954828D4E9B300C624F9 /* TasksTableViewController.swift in Sources */,
				D3E5951528D4DF6300C624F9 /* AppDelegate.swift in Sources */,
				D3E5951728D4DF6300C624F9 /* SceneDelegate.swift in Sources */,
				D3C06DA928D8DFE100BBE01F /* CreateTaskTableViewController.swift in Sources */,
				D3174D3C28D90C22007CF0D9 /* CategoriesTableViewController.swift in Sources */,
			);
			runOnlyForDeploymentPostprocessing = 0;
		};
		D3E5952328D4DF6A00C624F9 /* Sources */ = {
			isa = PBXSourcesBuildPhase;
			buildActionMask = 2147483647;
			files = (
				D3E5952C28D4DF6A00C624F9 /* ToDoAppTests.swift in Sources */,
			);
			runOnlyForDeploymentPostprocessing = 0;
		};
		D3E5952D28D4DF6A00C624F9 /* Sources */ = {
			isa = PBXSourcesBuildPhase;
			buildActionMask = 2147483647;
			files = (
				D3E5953828D4DF6A00C624F9 /* ToDoAppUITestsLaunchTests.swift in Sources */,
				D3E5953628D4DF6A00C624F9 /* ToDoAppUITests.swift in Sources */,
			);
			runOnlyForDeploymentPostprocessing = 0;
		};
/* End PBXSourcesBuildPhase section */

/* Begin PBXTargetDependency section */
		D3E5952928D4DF6A00C624F9 /* PBXTargetDependency */ = {
			isa = PBXTargetDependency;
			target = D3E5951028D4DF6300C624F9 /* ToDoApp */;
			targetProxy = D3E5952828D4DF6A00C624F9 /* PBXContainerItemProxy */;
		};
		D3E5953328D4DF6A00C624F9 /* PBXTargetDependency */ = {
			isa = PBXTargetDependency;
			target = D3E5951028D4DF6300C624F9 /* ToDoApp */;
			targetProxy = D3E5953228D4DF6A00C624F9 /* PBXContainerItemProxy */;
		};
/* End PBXTargetDependency section */

/* Begin PBXVariantGroup section */
		D3E5951A28D4DF6300C624F9 /* Main.storyboard */ = {
			isa = PBXVariantGroup;
			children = (
				D3E5951B28D4DF6300C624F9 /* Base */,
			);
			name = Main.storyboard;
			sourceTree = "<group>";
		};
		D3E5951F28D4DF6900C624F9 /* LaunchScreen.storyboard */ = {
			isa = PBXVariantGroup;
			children = (
				D3E5952028D4DF6900C624F9 /* Base */,
			);
			name = LaunchScreen.storyboard;
			sourceTree = "<group>";
		};
/* End PBXVariantGroup section */

/* Begin XCBuildConfiguration section */
		D3E5953928D4DF6A00C624F9 /* Debug */ = {
			isa = XCBuildConfiguration;
			buildSettings = {
				ALWAYS_SEARCH_USER_PATHS = NO;
				CLANG_ANALYZER_NONNULL = YES;
				CLANG_ANALYZER_NUMBER_OBJECT_CONVERSION = YES_AGGRESSIVE;
				CLANG_CXX_LANGUAGE_STANDARD = "gnu++20";
				CLANG_ENABLE_MODULES = YES;
				CLANG_ENABLE_OBJC_ARC = YES;
				CLANG_ENABLE_OBJC_WEAK = YES;
				CLANG_WARN_BLOCK_CAPTURE_AUTORELEASING = YES;
				CLANG_WARN_BOOL_CONVERSION = YES;
				CLANG_WARN_COMMA = YES;
				CLANG_WARN_CONSTANT_CONVERSION = YES;
				CLANG_WARN_DEPRECATED_OBJC_IMPLEMENTATIONS = YES;
				CLANG_WARN_DIRECT_OBJC_ISA_USAGE = YES_ERROR;
				CLANG_WARN_DOCUMENTATION_COMMENTS = YES;
				CLANG_WARN_EMPTY_BODY = YES;
				CLANG_WARN_ENUM_CONVERSION = YES;
				CLANG_WARN_INFINITE_RECURSION = YES;
				CLANG_WARN_INT_CONVERSION = YES;
				CLANG_WARN_NON_LITERAL_NULL_CONVERSION = YES;
				CLANG_WARN_OBJC_IMPLICIT_RETAIN_SELF = YES;
				CLANG_WARN_OBJC_LITERAL_CONVERSION = YES;
				CLANG_WARN_OBJC_ROOT_CLASS = YES_ERROR;
				CLANG_WARN_QUOTED_INCLUDE_IN_FRAMEWORK_HEADER = YES;
				CLANG_WARN_RANGE_LOOP_ANALYSIS = YES;
				CLANG_WARN_STRICT_PROTOTYPES = YES;
				CLANG_WARN_SUSPICIOUS_MOVE = YES;
				CLANG_WARN_UNGUARDED_AVAILABILITY = YES_AGGRESSIVE;
				CLANG_WARN_UNREACHABLE_CODE = YES;
				CLANG_WARN__DUPLICATE_METHOD_MATCH = YES;
				COPY_PHASE_STRIP = NO;
				DEBUG_INFORMATION_FORMAT = dwarf;
				ENABLE_STRICT_OBJC_MSGSEND = YES;
				ENABLE_TESTABILITY = YES;
				GCC_C_LANGUAGE_STANDARD = gnu11;
				GCC_DYNAMIC_NO_PIC = NO;
				GCC_NO_COMMON_BLOCKS = YES;
				GCC_OPTIMIZATION_LEVEL = 0;
				GCC_PREPROCESSOR_DEFINITIONS = (
					"DEBUG=1",
					"$(inherited)",
				);
				GCC_WARN_64_TO_32_BIT_CONVERSION = YES;
				GCC_WARN_ABOUT_RETURN_TYPE = YES_ERROR;
				GCC_WARN_UNDECLARED_SELECTOR = YES;
				GCC_WARN_UNINITIALIZED_AUTOS = YES_AGGRESSIVE;
				GCC_WARN_UNUSED_FUNCTION = YES;
				GCC_WARN_UNUSED_VARIABLE = YES;
				IPHONEOS_DEPLOYMENT_TARGET = 16.0;
				MTL_ENABLE_DEBUG_INFO = INCLUDE_SOURCE;
				MTL_FAST_MATH = YES;
				ONLY_ACTIVE_ARCH = YES;
				SDKROOT = iphoneos;
				SWIFT_ACTIVE_COMPILATION_CONDITIONS = DEBUG;
				SWIFT_OPTIMIZATION_LEVEL = "-Onone";
			};
			name = Debug;
		};
		D3E5953A28D4DF6A00C624F9 /* Release */ = {
			isa = XCBuildConfiguration;
			buildSettings = {
				ALWAYS_SEARCH_USER_PATHS = NO;
				CLANG_ANALYZER_NONNULL = YES;
				CLANG_ANALYZER_NUMBER_OBJECT_CONVERSION = YES_AGGRESSIVE;
				CLANG_CXX_LANGUAGE_STANDARD = "gnu++20";
				CLANG_ENABLE_MODULES = YES;
				CLANG_ENABLE_OBJC_ARC = YES;
				CLANG_ENABLE_OBJC_WEAK = YES;
				CLANG_WARN_BLOCK_CAPTURE_AUTORELEASING = YES;
				CLANG_WARN_BOOL_CONVERSION = YES;
				CLANG_WARN_COMMA = YES;
				CLANG_WARN_CONSTANT_CONVERSION = YES;
				CLANG_WARN_DEPRECATED_OBJC_IMPLEMENTATIONS = YES;
				CLANG_WARN_DIRECT_OBJC_ISA_USAGE = YES_ERROR;
				CLANG_WARN_DOCUMENTATION_COMMENTS = YES;
				CLANG_WARN_EMPTY_BODY = YES;
				CLANG_WARN_ENUM_CONVERSION = YES;
				CLANG_WARN_INFINITE_RECURSION = YES;
				CLANG_WARN_INT_CONVERSION = YES;
				CLANG_WARN_NON_LITERAL_NULL_CONVERSION = YES;
				CLANG_WARN_OBJC_IMPLICIT_RETAIN_SELF = YES;
				CLANG_WARN_OBJC_LITERAL_CONVERSION = YES;
				CLANG_WARN_OBJC_ROOT_CLASS = YES_ERROR;
				CLANG_WARN_QUOTED_INCLUDE_IN_FRAMEWORK_HEADER = YES;
				CLANG_WARN_RANGE_LOOP_ANALYSIS = YES;
				CLANG_WARN_STRICT_PROTOTYPES = YES;
				CLANG_WARN_SUSPICIOUS_MOVE = YES;
				CLANG_WARN_UNGUARDED_AVAILABILITY = YES_AGGRESSIVE;
				CLANG_WARN_UNREACHABLE_CODE = YES;
				CLANG_WARN__DUPLICATE_METHOD_MATCH = YES;
				COPY_PHASE_STRIP = NO;
				DEBUG_INFORMATION_FORMAT = "dwarf-with-dsym";
				ENABLE_NS_ASSERTIONS = NO;
				ENABLE_STRICT_OBJC_MSGSEND = YES;
				GCC_C_LANGUAGE_STANDARD = gnu11;
				GCC_NO_COMMON_BLOCKS = YES;
				GCC_WARN_64_TO_32_BIT_CONVERSION = YES;
				GCC_WARN_ABOUT_RETURN_TYPE = YES_ERROR;
				GCC_WARN_UNDECLARED_SELECTOR = YES;
				GCC_WARN_UNINITIALIZED_AUTOS = YES_AGGRESSIVE;
				GCC_WARN_UNUSED_FUNCTION = YES;
				GCC_WARN_UNUSED_VARIABLE = YES;
				IPHONEOS_DEPLOYMENT_TARGET = 16.0;
				MTL_ENABLE_DEBUG_INFO = NO;
				MTL_FAST_MATH = YES;
				SDKROOT = iphoneos;
				SWIFT_COMPILATION_MODE = wholemodule;
				SWIFT_OPTIMIZATION_LEVEL = "-O";
				VALIDATE_PRODUCT = YES;
			};
			name = Release;
		};
		D3E5953C28D4DF6A00C624F9 /* Debug */ = {
			isa = XCBuildConfiguration;
			buildSettings = {
				ASSETCATALOG_COMPILER_APPICON_NAME = AppIcon;
				ASSETCATALOG_COMPILER_GLOBAL_ACCENT_COLOR_NAME = AccentColor;
				CODE_SIGN_STYLE = Automatic;
				CURRENT_PROJECT_VERSION = 1;
				GENERATE_INFOPLIST_FILE = YES;
				INFOPLIST_FILE = ToDoApp/Info.plist;
				INFOPLIST_KEY_UIApplicationSupportsIndirectInputEvents = YES;
				INFOPLIST_KEY_UILaunchStoryboardName = LaunchScreen;
				INFOPLIST_KEY_UIMainStoryboardFile = Main;
				INFOPLIST_KEY_UISupportedInterfaceOrientations_iPad = "UIInterfaceOrientationPortrait UIInterfaceOrientationPortraitUpsideDown UIInterfaceOrientationLandscapeLeft UIInterfaceOrientationLandscapeRight";
				INFOPLIST_KEY_UISupportedInterfaceOrientations_iPhone = "UIInterfaceOrientationPortrait UIInterfaceOrientationLandscapeLeft UIInterfaceOrientationLandscapeRight";
				LD_RUNPATH_SEARCH_PATHS = (
					"$(inherited)",
					"@executable_path/Frameworks",
				);
				MARKETING_VERSION = 1.0;
				PRODUCT_BUNDLE_IDENTIFIER = Costin.ToDoApp;
				PRODUCT_NAME = "$(TARGET_NAME)";
				SWIFT_EMIT_LOC_STRINGS = YES;
				SWIFT_VERSION = 5.0;
				TARGETED_DEVICE_FAMILY = "1,2";
			};
			name = Debug;
		};
		D3E5953D28D4DF6A00C624F9 /* Release */ = {
			isa = XCBuildConfiguration;
			buildSettings = {
				ASSETCATALOG_COMPILER_APPICON_NAME = AppIcon;
				ASSETCATALOG_COMPILER_GLOBAL_ACCENT_COLOR_NAME = AccentColor;
				CODE_SIGN_STYLE = Automatic;
				CURRENT_PROJECT_VERSION = 1;
				GENERATE_INFOPLIST_FILE = YES;
				INFOPLIST_FILE = ToDoApp/Info.plist;
				INFOPLIST_KEY_UIApplicationSupportsIndirectInputEvents = YES;
				INFOPLIST_KEY_UILaunchStoryboardName = LaunchScreen;
				INFOPLIST_KEY_UIMainStoryboardFile = Main;
				INFOPLIST_KEY_UISupportedInterfaceOrientations_iPad = "UIInterfaceOrientationPortrait UIInterfaceOrientationPortraitUpsideDown UIInterfaceOrientationLandscapeLeft UIInterfaceOrientationLandscapeRight";
				INFOPLIST_KEY_UISupportedInterfaceOrientations_iPhone = "UIInterfaceOrientationPortrait UIInterfaceOrientationLandscapeLeft UIInterfaceOrientationLandscapeRight";
				LD_RUNPATH_SEARCH_PATHS = (
					"$(inherited)",
					"@executable_path/Frameworks",
				);
				MARKETING_VERSION = 1.0;
				PRODUCT_BUNDLE_IDENTIFIER = Costin.ToDoApp;
				PRODUCT_NAME = "$(TARGET_NAME)";
				SWIFT_EMIT_LOC_STRINGS = YES;
				SWIFT_VERSION = 5.0;
				TARGETED_DEVICE_FAMILY = "1,2";
			};
			name = Release;
		};
		D3E5953F28D4DF6A00C624F9 /* Debug */ = {
			isa = XCBuildConfiguration;
			buildSettings = {
				ALWAYS_EMBED_SWIFT_STANDARD_LIBRARIES = YES;
				BUNDLE_LOADER = "$(TEST_HOST)";
				CODE_SIGN_STYLE = Automatic;
				CURRENT_PROJECT_VERSION = 1;
				GENERATE_INFOPLIST_FILE = YES;
				IPHONEOS_DEPLOYMENT_TARGET = 16.0;
				MARKETING_VERSION = 1.0;
				PRODUCT_BUNDLE_IDENTIFIER = Costin.ToDoAppTests;
				PRODUCT_NAME = "$(TARGET_NAME)";
				SWIFT_EMIT_LOC_STRINGS = NO;
				SWIFT_VERSION = 5.0;
				TARGETED_DEVICE_FAMILY = "1,2";
				TEST_HOST = "$(BUILT_PRODUCTS_DIR)/ToDoApp.app/$(BUNDLE_EXECUTABLE_FOLDER_PATH)/ToDoApp";
			};
			name = Debug;
		};
		D3E5954028D4DF6A00C624F9 /* Release */ = {
			isa = XCBuildConfiguration;
			buildSettings = {
				ALWAYS_EMBED_SWIFT_STANDARD_LIBRARIES = YES;
				BUNDLE_LOADER = "$(TEST_HOST)";
				CODE_SIGN_STYLE = Automatic;
				CURRENT_PROJECT_VERSION = 1;
				GENERATE_INFOPLIST_FILE = YES;
				IPHONEOS_DEPLOYMENT_TARGET = 16.0;
				MARKETING_VERSION = 1.0;
				PRODUCT_BUNDLE_IDENTIFIER = Costin.ToDoAppTests;
				PRODUCT_NAME = "$(TARGET_NAME)";
				SWIFT_EMIT_LOC_STRINGS = NO;
				SWIFT_VERSION = 5.0;
				TARGETED_DEVICE_FAMILY = "1,2";
				TEST_HOST = "$(BUILT_PRODUCTS_DIR)/ToDoApp.app/$(BUNDLE_EXECUTABLE_FOLDER_PATH)/ToDoApp";
			};
			name = Release;
		};
		D3E5954228D4DF6A00C624F9 /* Debug */ = {
			isa = XCBuildConfiguration;
			buildSettings = {
				ALWAYS_EMBED_SWIFT_STANDARD_LIBRARIES = YES;
				CODE_SIGN_STYLE = Automatic;
				CURRENT_PROJECT_VERSION = 1;
				GENERATE_INFOPLIST_FILE = YES;
				MARKETING_VERSION = 1.0;
				PRODUCT_BUNDLE_IDENTIFIER = Costin.ToDoAppUITests;
				PRODUCT_NAME = "$(TARGET_NAME)";
				SWIFT_EMIT_LOC_STRINGS = NO;
				SWIFT_VERSION = 5.0;
				TARGETED_DEVICE_FAMILY = "1,2";
				TEST_TARGET_NAME = ToDoApp;
			};
			name = Debug;
		};
		D3E5954328D4DF6A00C624F9 /* Release */ = {
			isa = XCBuildConfiguration;
			buildSettings = {
				ALWAYS_EMBED_SWIFT_STANDARD_LIBRARIES = YES;
				CODE_SIGN_STYLE = Automatic;
				CURRENT_PROJECT_VERSION = 1;
				GENERATE_INFOPLIST_FILE = YES;
				MARKETING_VERSION = 1.0;
				PRODUCT_BUNDLE_IDENTIFIER = Costin.ToDoAppUITests;
				PRODUCT_NAME = "$(TARGET_NAME)";
				SWIFT_EMIT_LOC_STRINGS = NO;
				SWIFT_VERSION = 5.0;
				TARGETED_DEVICE_FAMILY = "1,2";
				TEST_TARGET_NAME = ToDoApp;
			};
			name = Release;
		};
/* End XCBuildConfiguration section */

/* Begin XCConfigurationList section */
		D3E5950C28D4DF6300C624F9 /* Build configuration list for PBXProject "ToDoApp" */ = {
			isa = XCConfigurationList;
			buildConfigurations = (
				D3E5953928D4DF6A00C624F9 /* Debug */,
				D3E5953A28D4DF6A00C624F9 /* Release */,
			);
			defaultConfigurationIsVisible = 0;
			defaultConfigurationName = Release;
		};
		D3E5953B28D4DF6A00C624F9 /* Build configuration list for PBXNativeTarget "ToDoApp" */ = {
			isa = XCConfigurationList;
			buildConfigurations = (
				D3E5953C28D4DF6A00C624F9 /* Debug */,
				D3E5953D28D4DF6A00C624F9 /* Release */,
			);
			defaultConfigurationIsVisible = 0;
			defaultConfigurationName = Release;
		};
		D3E5953E28D4DF6A00C624F9 /* Build configuration list for PBXNativeTarget "ToDoAppTests" */ = {
			isa = XCConfigurationList;
			buildConfigurations = (
				D3E5953F28D4DF6A00C624F9 /* Debug */,
				D3E5954028D4DF6A00C624F9 /* Release */,
			);
			defaultConfigurationIsVisible = 0;
			defaultConfigurationName = Release;
		};
		D3E5954128D4DF6A00C624F9 /* Build configuration list for PBXNativeTarget "ToDoAppUITests" */ = {
			isa = XCConfigurationList;
			buildConfigurations = (
				D3E5954228D4DF6A00C624F9 /* Debug */,
				D3E5954328D4DF6A00C624F9 /* Release */,
			);
			defaultConfigurationIsVisible = 0;
			defaultConfigurationName = Release;
		};
/* End XCConfigurationList section */
	};
	rootObject = D3E5950928D4DF6200C624F9 /* Project object */;
}
